
Microsoft Visual Studio Solution File, Format Version 12.00
# Visual Studio Version 17
VisualStudioVersion = 17.14.37502.11 d17.14
MinimumVisualStudioVersion = 10.0.40219.1
Project("{FAE04EC0-301F-11D3-BF4B-00C04F79EFBC}") = "Caso_Notas", "Caso_Notas.csproj", "{4CDEB13B-A5FD-47EB-890F-3E62C1C31AFC}"
EndProject
Global
	GlobalSection(SolutionConfigurationPlatforms) = preSolution
		Debug|Any CPU = Debug|Any CPU
		Release|Any CPU = Release|Any CPU
	EndGlobalSection
	GlobalSection(ProjectConfigurationPlatforms) = postSolution
		{4CDEB13B-A5FD-47EB-890F-3E62C1C31AFC}.Debug|Any CPU.ActiveCfg = Debug|Any CPU
		{4CDEB13B-A5FD-47EB-890F-3E62C1C31AFC}.Debug|Any CPU.Build.0 = Debug|Any CPU
		{4CDEB13B-A5FD-47EB-890F-3E62C1C31AFC}.Release|Any CPU.ActiveCfg = Release|Any CPU
		{4CDEB13B-A5FD-47EB-890F-3E62C1C31AFC}.Release|Any CPU.Build.0 = Release|Any CPU
	EndGlobalSection
	GlobalSection(SolutionProperties) = preSolution
		HideSolutionNode = FALSE
	EndGlobalSection
	GlobalSection(ExtensibilityGlobals) = postSolution
		SolutionGuid = {6A50E0AD-6DCC-4EB9-BDB6-D5F7FC604C25}
	EndGlobalSection
EndGlobal
